// !$*UTF8*$!
{
	archiveVersion = 1;
	classes = {
	};
	objectVersion = 56;
	objects = {

/* Begin PBXBuildFile section */
		5A1ABFC42AA5C18200DC8BBC /* TacToeView.swift in Sources */ = {isa = PBXBuildFile; fileRef = 5A1ABFC32AA5C18200DC8BBC /* TacToeView.swift */; };
		5A1ABFC62AA5F86300DC8BBC /* AlertView.swift in Sources */ = {isa = PBXBuildFile; fileRef = 5A1ABFC52AA5F86300DC8BBC /* AlertView.swift */; };
		5A1ABFC82AA6CDEE00DC8BBC /* TacToeViewModel.swift in Sources */ = {isa = PBXBuildFile; fileRef = 5A1ABFC72AA6CDEE00DC8BBC /* TacToeViewModel.swift */; };
		5A1ABFCC2AA6D5ED00DC8BBC /* TacToeModel.swift in Sources */ = {isa = PBXBuildFile; fileRef = 5A1ABFCB2AA6D5ED00DC8BBC /* TacToeModel.swift */; };
		5A1ABFCE2AA6D8B900DC8BBC /* NetworkModel.swift in Sources */ = {isa = PBXBuildFile; fileRef = 5A1ABFCD2AA6D8B900DC8BBC /* NetworkModel.swift */; };
		5A1ABFD12AA6D96400DC8BBC /* NetworkView.swift in Sources */ = {isa = PBXBuildFile; fileRef = 5A1ABFD02AA6D96400DC8BBC /* NetworkView.swift */; };
		5A1ABFD32AA728A500DC8BBC /* NetworkViewModel.swift in Sources */ = {isa = PBXBuildFile; fileRef = 5A1ABFD22AA728A500DC8BBC /* NetworkViewModel.swift */; };
		5A1ABFD62AA81C9000DC8BBC /* WhatToEatView.swift in Sources */ = {isa = PBXBuildFile; fileRef = 5A1ABFD52AA81C9000DC8BBC /* WhatToEatView.swift */; };
		98CE2D1C2A16133B00BA099C /* StressDectectApp.swift in Sources */ = {isa = PBXBuildFile; fileRef = 98CE2D1B2A16133B00BA099C /* StressDectectApp.swift */; };
		98CE2D1E2A16133B00BA099C /* WeatherView.swift in Sources */ = {isa = PBXBuildFile; fileRef = 98CE2D1D2A16133B00BA099C /* WeatherView.swift */; };
		98CE2D202A16133C00BA099C /* Assets.xcassets in Resources */ = {isa = PBXBuildFile; fileRef = 98CE2D1F2A16133C00BA099C /* Assets.xcassets */; };
		98CE2D232A16133C00BA099C /* Preview Assets.xcassets in Resources */ = {isa = PBXBuildFile; fileRef = 98CE2D222A16133C00BA099C /* Preview Assets.xcassets */; };
		98CE2D2D2A16133D00BA099C /* StressDectectTests.swift in Sources */ = {isa = PBXBuildFile; fileRef = 98CE2D2C2A16133D00BA099C /* StressDectectTests.swift */; };
		98CE2D372A16133D00BA099C /* StressDectectUITests.swift in Sources */ = {isa = PBXBuildFile; fileRef = 98CE2D362A16133D00BA099C /* StressDectectUITests.swift */; };
		98CE2D392A16133D00BA099C /* StressDectectUITestsLaunchTests.swift in Sources */ = {isa = PBXBuildFile; fileRef = 98CE2D382A16133D00BA099C /* StressDectectUITestsLaunchTests.swift */; };
/* End PBXBuildFile section */

/* Begin PBXContainerItemProxy section */
		98CE2D292A16133D00BA099C /* PBXContainerItemProxy */ = {
			isa = PBXContainerItemProxy;
			containerPortal = 98CE2D102A16133B00BA099C /* Project object */;
			proxyType = 1;
			remoteGlobalIDString = 98CE2D172A16133B00BA099C;
			remoteInfo = StressDectect;
		};
		98CE2D332A16133D00BA099C /* PBXContainerItemProxy */ = {
			isa = PBXContainerItemProxy;
			containerPortal = 98CE2D102A16133B00BA099C /* Project object */;
			proxyType = 1;
			remoteGlobalIDString = 98CE2D172A16133B00BA099C;
			remoteInfo = StressDectect;
		};
/* End PBXContainerItemProxy section */

/* Begin PBXFileReference section */
		5A1ABFC32AA5C18200DC8BBC /* TacToeView.swift */ = {isa = PBXFileReference; lastKnownFileType = sourcecode.swift; path = TacToeView.swift; sourceTree = "<group>"; };
		5A1ABFC52AA5F86300DC8BBC /* AlertView.swift */ = {isa = PBXFileReference; lastKnownFileType = sourcecode.swift; path = AlertView.swift; sourceTree = "<group>"; };
		5A1ABFC72AA6CDEE00DC8BBC /* TacToeViewModel.swift */ = {isa = PBXFileReference; lastKnownFileType = sourcecode.swift; path = TacToeViewModel.swift; sourceTree = "<group>"; };
		5A1ABFCB2AA6D5ED00DC8BBC /* TacToeModel.swift */ = {isa = PBXFileReference; lastKnownFileType = sourcecode.swift; path = TacToeModel.swift; sourceTree = "<group>"; };
		5A1ABFCD2AA6D8B900DC8BBC /* NetworkModel.swift */ = {isa = PBXFileReference; lastKnownFileType = sourcecode.swift; path = NetworkModel.swift; sourceTree = "<group>"; };
		5A1ABFD02AA6D96400DC8BBC /* NetworkView.swift */ = {isa = PBXFileReference; lastKnownFileType = sourcecode.swift; path = NetworkView.swift; sourceTree = "<group>"; };
		5A1ABFD22AA728A500DC8BBC /* NetworkViewModel.swift */ = {isa = PBXFileReference; lastKnownFileType = sourcecode.swift; path = NetworkViewModel.swift; sourceTree = "<group>"; };
		5A1ABFD52AA81C9000DC8BBC /* WhatToEatView.swift */ = {isa = PBXFileReference; lastKnownFileType = sourcecode.swift; path = WhatToEatView.swift; sourceTree = "<group>"; };
		98CE2D182A16133B00BA099C /* StressDectect.app */ = {isa = PBXFileReference; explicitFileType = wrapper.application; includeInIndex = 0; path = StressDectect.app; sourceTree = BUILT_PRODUCTS_DIR; };
		98CE2D1B2A16133B00BA099C /* StressDectectApp.swift */ = {isa = PBXFileReference; lastKnownFileType = sourcecode.swift; path = StressDectectApp.swift; sourceTree = "<group>"; };
		98CE2D1D2A16133B00BA099C /* WeatherView.swift */ = {isa = PBXFileReference; lastKnownFileType = sourcecode.swift; path = WeatherView.swift; sourceTree = "<group>"; };
		98CE2D1F2A16133C00BA099C /* Assets.xcassets */ = {isa = PBXFileReference; lastKnownFileType = folder.assetcatalog; path = Assets.xcassets; sourceTree = "<group>"; };
		98CE2D222A16133C00BA099C /* Preview Assets.xcassets */ = {isa = PBXFileReference; lastKnownFileType = folder.assetcatalog; path = "Preview Assets.xcassets"; sourceTree = "<group>"; };
		98CE2D282A16133D00BA099C /* StressDectectTests.xctest */ = {isa = PBXFileReference; explicitFileType = wrapper.cfbundle; includeInIndex = 0; path = StressDectectTests.xctest; sourceTree = BUILT_PRODUCTS_DIR; };
		98CE2D2C2A16133D00BA099C /* StressDectectTests.swift */ = {isa = PBXFileReference; lastKnownFileType = sourcecode.swift; path = StressDectectTests.swift; sourceTree = "<group>"; };
		98CE2D322A16133D00BA099C /* StressDectectUITests.xctest */ = {isa = PBXFileReference; explicitFileType = wrapper.cfbundle; includeInIndex = 0; path = StressDectectUITests.xctest; sourceTree = BUILT_PRODUCTS_DIR; };
		98CE2D362A16133D00BA099C /* StressDectectUITests.swift */ = {isa = PBXFileReference; lastKnownFileType = sourcecode.swift; path = StressDectectUITests.swift; sourceTree = "<group>"; };
		98CE2D382A16133D00BA099C /* StressDectectUITestsLaunchTests.swift */ = {isa = PBXFileReference; lastKnownFileType = sourcecode.swift; path = StressDectectUITestsLaunchTests.swift; sourceTree = "<group>"; };
/* End PBXFileReference section */

/* Begin PBXFrameworksBuildPhase section */
		98CE2D152A16133B00BA099C /* Frameworks */ = {
			isa = PBXFrameworksBuildPhase;
			buildActionMask = 2147483647;
			files = (
			);
			runOnlyForDeploymentPostprocessing = 0;
		};
		98CE2D252A16133D00BA099C /* Frameworks */ = {
			isa = PBXFrameworksBuildPhase;
			buildActionMask = 2147483647;
			files = (
			);
			runOnlyForDeploymentPostprocessing = 0;
		};
		98CE2D2F2A16133D00BA099C /* Frameworks */ = {
			isa = PBXFrameworksBuildPhase;
			buildActionMask = 2147483647;
			files = (
			);
			runOnlyForDeploymentPostprocessing = 0;
		};
/* End PBXFrameworksBuildPhase section */

/* Begin PBXGroup section */
		5A1ABFC92AA6CDF900DC8BBC /* TacToeGame */ = {
			isa = PBXGroup;
			children = (
				5A1ABFC32AA5C18200DC8BBC /* TacToeView.swift */,
				5A1ABFC72AA6CDEE00DC8BBC /* TacToeViewModel.swift */,
				5A1ABFCB2AA6D5ED00DC8BBC /* TacToeModel.swift */,
			);
			path = TacToeGame;
			sourceTree = "<group>";
		};
		5A1ABFCA2AA6CE1000DC8BBC /* Weather */ = {
			isa = PBXGroup;
			children = (
				98CE2D1D2A16133B00BA099C /* WeatherView.swift */,
			);
			path = Weather;
			sourceTree = "<group>";
		};
		5A1ABFCF2AA6D94100DC8BBC /* NetworkDemo */ = {
			isa = PBXGroup;
			children = (
				5A1ABFCD2AA6D8B900DC8BBC /* NetworkModel.swift */,
				5A1ABFD02AA6D96400DC8BBC /* NetworkView.swift */,
				5A1ABFD22AA728A500DC8BBC /* NetworkViewModel.swift */,
			);
			path = NetworkDemo;
			sourceTree = "<group>";
		};
		5A1ABFD42AA81C3B00DC8BBC /* WhatToEat */ = {
			isa = PBXGroup;
			children = (
				5A1ABFD52AA81C9000DC8BBC /* WhatToEatView.swift */,
			);
			path = WhatToEat;
			sourceTree = "<group>";
		};
		98CE2D0F2A16133B00BA099C = {
			isa = PBXGroup;
			children = (
				98CE2D1A2A16133B00BA099C /* StressDectect */,
				98CE2D2B2A16133D00BA099C /* StressDectectTests */,
				98CE2D352A16133D00BA099C /* StressDectectUITests */,
				98CE2D192A16133B00BA099C /* Products */,
			);
			sourceTree = "<group>";
		};
		98CE2D192A16133B00BA099C /* Products */ = {
			isa = PBXGroup;
			children = (
				98CE2D182A16133B00BA099C /* StressDectect.app */,
				98CE2D282A16133D00BA099C /* StressDectectTests.xctest */,
				98CE2D322A16133D00BA099C /* StressDectectUITests.xctest */,
			);
			name = Products;
			sourceTree = "<group>";
		};
		98CE2D1A2A16133B00BA099C /* StressDectect */ = {
			isa = PBXGroup;
			children = (
				98CE2D1B2A16133B00BA099C /* StressDectectApp.swift */,
				5A1ABFD42AA81C3B00DC8BBC /* WhatToEat */,
				5A1ABFCF2AA6D94100DC8BBC /* NetworkDemo */,
				5A1ABFCA2AA6CE1000DC8BBC /* Weather */,
				5A1ABFC92AA6CDF900DC8BBC /* TacToeGame */,
				5A1ABFC52AA5F86300DC8BBC /* AlertView.swift */,
				98CE2D1F2A16133C00BA099C /* Assets.xcassets */,
				98CE2D212A16133C00BA099C /* Preview Content */,
			);
			path = StressDectect;
			sourceTree = "<group>";
		};
		98CE2D212A16133C00BA099C /* Preview Content */ = {
			isa = PBXGroup;
			children = (
				98CE2D222A16133C00BA099C /* Preview Assets.xcassets */,
			);
			path = "Preview Content";
			sourceTree = "<group>";
		};
		98CE2D2B2A16133D00BA099C /* StressDectectTests */ = {
			isa = PBXGroup;
			children = (
				98CE2D2C2A16133D00BA099C /* StressDectectTests.swift */,
			);
			path = StressDectectTests;
			sourceTree = "<group>";
		};
		98CE2D352A16133D00BA099C /* StressDectectUITests */ = {
			isa = PBXGroup;
			children = (
				98CE2D362A16133D00BA099C /* StressDectectUITests.swift */,
				98CE2D382A16133D00BA099C /* StressDectectUITestsLaunchTests.swift */,
			);
			path = StressDectectUITests;
			sourceTree = "<group>";
		};
/* End PBXGroup section */

/* Begin PBXNativeTarget section */
		98CE2D172A16133B00BA099C /* StressDectect */ = {
			isa = PBXNativeTarget;
			buildConfigurationList = 98CE2D3C2A16133D00BA099C /* Build configuration list for PBXNativeTarget "StressDectect" */;
			buildPhases = (
				98CE2D142A16133B00BA099C /* Sources */,
				98CE2D152A16133B00BA099C /* Frameworks */,
				98CE2D162A16133B00BA099C /* Resources */,
			);
			buildRules = (
			);
			dependencies = (
			);
			name = StressDectect;
			productName = StressDectect;
			productReference = 98CE2D182A16133B00BA099C /* StressDectect.app */;
			productType = "com.apple.product-type.application";
		};
		98CE2D272A16133D00BA099C /* StressDectectTests */ = {
			isa = PBXNativeTarget;
			buildConfigurationList = 98CE2D3F2A16133D00BA099C /* Build configuration list for PBXNativeTarget "StressDectectTests" */;
			buildPhases = (
				98CE2D242A16133D00BA099C /* Sources */,
				98CE2D252A16133D00BA099C /* Frameworks */,
				98CE2D262A16133D00BA099C /* Resources */,
			);
			buildRules = (
			);
			dependencies = (
				98CE2D2A2A16133D00BA099C /* PBXTargetDependency */,
			);
			name = StressDectectTests;
			productName = StressDectectTests;
			productReference = 98CE2D282A16133D00BA099C /* StressDectectTests.xctest */;
			productType = "com.apple.product-type.bundle.unit-test";
		};
		98CE2D312A16133D00BA099C /* StressDectectUITests */ = {
			isa = PBXNativeTarget;
			buildConfigurationList = 98CE2D422A16133D00BA099C /* Build configuration list for PBXNativeTarget "StressDectectUITests" */;
			buildPhases = (
				98CE2D2E2A16133D00BA099C /* Sources */,
				98CE2D2F2A16133D00BA099C /* Frameworks */,
				98CE2D302A16133D00BA099C /* Resources */,
			);
			buildRules = (
			);
			dependencies = (
				98CE2D342A16133D00BA099C /* PBXTargetDependency */,
			);
			name = StressDectectUITests;
			productName = StressDectectUITests;
			productReference = 98CE2D322A16133D00BA099C /* StressDectectUITests.xctest */;
			productType = "com.apple.product-type.bundle.ui-testing";
		};
/* End PBXNativeTarget section */

/* Begin PBXProject section */
		98CE2D102A16133B00BA099C /* Project object */ = {
			isa = PBXProject;
			attributes = {
				BuildIndependentTargetsInParallel = 1;
				LastSwiftUpdateCheck = 1420;
				LastUpgradeCheck = 1420;
				TargetAttributes = {
					98CE2D172A16133B00BA099C = {
						CreatedOnToolsVersion = 14.2;
					};
					98CE2D272A16133D00BA099C = {
						CreatedOnToolsVersion = 14.2;
						TestTargetID = 98CE2D172A16133B00BA099C;
					};
					98CE2D312A16133D00BA099C = {
						CreatedOnToolsVersion = 14.2;
						TestTargetID = 98CE2D172A16133B00BA099C;
					};
				};
			};
			buildConfigurationList = 98CE2D132A16133B00BA099C /* Build configuration list for PBXProject "StressDectect" */;
			compatibilityVersion = "Xcode 14.0";
			developmentRegion = en;
			hasScannedForEncodings = 0;
			knownRegions = (
				en,
				Base,
			);
			mainGroup = 98CE2D0F2A16133B00BA099C;
			productRefGroup = 98CE2D192A16133B00BA099C /* Products */;
			projectDirPath = "";
			projectRoot = "";
			targets = (
				98CE2D172A16133B00BA099C /* StressDectect */,
				98CE2D272A16133D00BA099C /* StressDectectTests */,
				98CE2D312A16133D00BA099C /* StressDectectUITests */,
			);
		};
/* End PBXProject section */

/* Begin PBXResourcesBuildPhase section */
		98CE2D162A16133B00BA099C /* Resources */ = {
			isa = PBXResourcesBuildPhase;
			buildActionMask = 2147483647;
			files = (
				98CE2D232A16133C00BA099C /* Preview Assets.xcassets in Resources */,
				98CE2D202A16133C00BA099C /* Assets.xcassets in Resources */,
			);
			runOnlyForDeploymentPostprocessing = 0;
		};
		98CE2D262A16133D00BA099C /* Resources */ = {
			isa = PBXResourcesBuildPhase;
			buildActionMask = 2147483647;
			files = (
			);
			runOnlyForDeploymentPostprocessing = 0;
		};
		98CE2D302A16133D00BA099C /* Resources */ = {
			isa = PBXResourcesBuildPhase;
			buildActionMask = 2147483647;
			files = (
			);
			runOnlyForDeploymentPostprocessing = 0;
		};
/* End PBXResourcesBuildPhase section */

/* Begin PBXSourcesBuildPhase section */
		98CE2D142A16133B00BA099C /* Sources */ = {
			isa = PBXSourcesBuildPhase;
			buildActionMask = 2147483647;
			files = (
				5A1ABFC82AA6CDEE00DC8BBC /* TacToeViewModel.swift in Sources */,
				5A1ABFCC2AA6D5ED00DC8BBC /* TacToeModel.swift in Sources */,
				5A1ABFC42AA5C18200DC8BBC /* TacToeView.swift in Sources */,
				5A1ABFC62AA5F86300DC8BBC /* AlertView.swift in Sources */,
				5A1ABFD62AA81C9000DC8BBC /* WhatToEatView.swift in Sources */,
				5A1ABFD32AA728A500DC8BBC /* NetworkViewModel.swift in Sources */,
				5A1ABFD12AA6D96400DC8BBC /* NetworkView.swift in Sources */,
				98CE2D1E2A16133B00BA099C /* WeatherView.swift in Sources */,
				5A1ABFCE2AA6D8B900DC8BBC /* NetworkModel.swift in Sources */,
				98CE2D1C2A16133B00BA099C /* StressDectectApp.swift in Sources */,
			);
			runOnlyForDeploymentPostprocessing = 0;
		};
		98CE2D242A16133D00BA099C /* Sources */ = {
			isa = PBXSourcesBuildPhase;
			buildActionMask = 2147483647;
			files = (
				98CE2D2D2A16133D00BA099C /* StressDectectTests.swift in Sources */,
			);
			runOnlyForDeploymentPostprocessing = 0;
		};
		98CE2D2E2A16133D00BA099C /* Sources */ = {
			isa = PBXSourcesBuildPhase;
			buildActionMask = 2147483647;
			files = (
				98CE2D372A16133D00BA099C /* StressDectectUITests.swift in Sources */,
				98CE2D392A16133D00BA099C /* StressDectectUITestsLaunchTests.swift in Sources */,
			);
			runOnlyForDeploymentPostprocessing = 0;
		};
/* End PBXSourcesBuildPhase section */

/* Begin PBXTargetDependency section */
		98CE2D2A2A16133D00BA099C /* PBXTargetDependency */ = {
			isa = PBXTargetDependency;
			target = 98CE2D172A16133B00BA099C /* StressDectect */;
			targetProxy = 98CE2D292A16133D00BA099C /* PBXContainerItemProxy */;
		};
		98CE2D342A16133D00BA099C /* PBXTargetDependency */ = {
			isa = PBXTargetDependency;
			target = 98CE2D172A16133B00BA099C /* StressDectect */;
			targetProxy = 98CE2D332A16133D00BA099C /* PBXContainerItemProxy */;
		};
/* End PBXTargetDependency section */

/* Begin XCBuildConfiguration section */
		98CE2D3A2A16133D00BA099C /* Debug */ = {
			isa = XCBuildConfiguration;
			buildSettings = {
				ALWAYS_SEARCH_USER_PATHS = NO;
				CLANG_ANALYZER_NONNULL = YES;
				CLANG_ANALYZER_NUMBER_OBJECT_CONVERSION = YES_AGGRESSIVE;
				CLANG_CXX_LANGUAGE_STANDARD = "gnu++20";
				CLANG_ENABLE_MODULES = YES;
				CLANG_ENABLE_OBJC_ARC = YES;
				CLANG_ENABLE_OBJC_WEAK = YES;
				CLANG_WARN_BLOCK_CAPTURE_AUTORELEASING = YES;
				CLANG_WARN_BOOL_CONVERSION = YES;
				CLANG_WARN_COMMA = YES;
				CLANG_WARN_CONSTANT_CONVERSION = YES;
				CLANG_WARN_DEPRECATED_OBJC_IMPLEMENTATIONS = YES;
				CLANG_WARN_DIRECT_OBJC_ISA_USAGE = YES_ERROR;
				CLANG_WARN_DOCUMENTATION_COMMENTS = YES;
				CLANG_WARN_EMPTY_BODY = YES;
				CLANG_WARN_ENUM_CONVERSION = YES;
				CLANG_WARN_INFINITE_RECURSION = YES;
				CLANG_WARN_INT_CONVERSION = YES;
				CLANG_WARN_NON_LITERAL_NULL_CONVERSION = YES;
				CLANG_WARN_OBJC_IMPLICIT_RETAIN_SELF = YES;
				CLANG_WARN_OBJC_LITERAL_CONVERSION = YES;
				CLANG_WARN_OBJC_ROOT_CLASS = YES_ERROR;
				CLANG_WARN_QUOTED_INCLUDE_IN_FRAMEWORK_HEADER = YES;
				CLANG_WARN_RANGE_LOOP_ANALYSIS = YES;
				CLANG_WARN_STRICT_PROTOTYPES = YES;
				CLANG_WARN_SUSPICIOUS_MOVE = YES;
				CLANG_WARN_UNGUARDED_AVAILABILITY = YES_AGGRESSIVE;
				CLANG_WARN_UNREACHABLE_CODE = YES;
				CLANG_WARN__DUPLICATE_METHOD_MATCH = YES;
				COPY_PHASE_STRIP = NO;
				DEBUG_INFORMATION_FORMAT = dwarf;
				ENABLE_STRICT_OBJC_MSGSEND = YES;
				ENABLE_TESTABILITY = YES;
				GCC_C_LANGUAGE_STANDARD = gnu11;
				GCC_DYNAMIC_NO_PIC = NO;
				GCC_NO_COMMON_BLOCKS = YES;
				GCC_OPTIMIZATION_LEVEL = 0;
				GCC_PREPROCESSOR_DEFINITIONS = (
					"DEBUG=1",
					"$(inherited)",
				);
				GCC_WARN_64_TO_32_BIT_CONVERSION = YES;
				GCC_WARN_ABOUT_RETURN_TYPE = YES_ERROR;
				GCC_WARN_UNDECLARED_SELECTOR = YES;
				GCC_WARN_UNINITIALIZED_AUTOS = YES_AGGRESSIVE;
				GCC_WARN_UNUSED_FUNCTION = YES;
				GCC_WARN_UNUSED_VARIABLE = YES;
				IPHONEOS_DEPLOYMENT_TARGET = 16.2;
				MTL_ENABLE_DEBUG_INFO = INCLUDE_SOURCE;
				MTL_FAST_MATH = YES;
				ONLY_ACTIVE_ARCH = YES;
				SDKROOT = iphoneos;
				SWIFT_ACTIVE_COMPILATION_CONDITIONS = DEBUG;
				SWIFT_OPTIMIZATION_LEVEL = "-Onone";
			};
			name = Debug;
		};
		98CE2D3B2A16133D00BA099C /* Release */ = {
			isa = XCBuildConfiguration;
			buildSettings = {
				ALWAYS_SEARCH_USER_PATHS = NO;
				CLANG_ANALYZER_NONNULL = YES;
				CLANG_ANALYZER_NUMBER_OBJECT_CONVERSION = YES_AGGRESSIVE;
				CLANG_CXX_LANGUAGE_STANDARD = "gnu++20";
				CLANG_ENABLE_MODULES = YES;
				CLANG_ENABLE_OBJC_ARC = YES;
				CLANG_ENABLE_OBJC_WEAK = YES;
				CLANG_WARN_BLOCK_CAPTURE_AUTORELEASING = YES;
				CLANG_WARN_BOOL_CONVERSION = YES;
				CLANG_WARN_COMMA = YES;
				CLANG_WARN_CONSTANT_CONVERSION = YES;
				CLANG_WARN_DEPRECATED_OBJC_IMPLEMENTATIONS = YES;
				CLANG_WARN_DIRECT_OBJC_ISA_USAGE = YES_ERROR;
				CLANG_WARN_DOCUMENTATION_COMMENTS = YES;
				CLANG_WARN_EMPTY_BODY = YES;
				CLANG_WARN_ENUM_CONVERSION = YES;
				CLANG_WARN_INFINITE_RECURSION = YES;
				CLANG_WARN_INT_CONVERSION = YES;
				CLANG_WARN_NON_LITERAL_NULL_CONVERSION = YES;
				CLANG_WARN_OBJC_IMPLICIT_RETAIN_SELF = YES;
				CLANG_WARN_OBJC_LITERAL_CONVERSION = YES;
				CLANG_WARN_OBJC_ROOT_CLASS = YES_ERROR;
				CLANG_WARN_QUOTED_INCLUDE_IN_FRAMEWORK_HEADER = YES;
				CLANG_WARN_RANGE_LOOP_ANALYSIS = YES;
				CLANG_WARN_STRICT_PROTOTYPES = YES;
				CLANG_WARN_SUSPICIOUS_MOVE = YES;
				CLANG_WARN_UNGUARDED_AVAILABILITY = YES_AGGRESSIVE;
				CLANG_WARN_UNREACHABLE_CODE = YES;
				CLANG_WARN__DUPLICATE_METHOD_MATCH = YES;
				COPY_PHASE_STRIP = NO;
				DEBUG_INFORMATION_FORMAT = "dwarf-with-dsym";
				ENABLE_NS_ASSERTIONS = NO;
				ENABLE_STRICT_OBJC_MSGSEND = YES;
				GCC_C_LANGUAGE_STANDARD = gnu11;
				GCC_NO_COMMON_BLOCKS = YES;
				GCC_WARN_64_TO_32_BIT_CONVERSION = YES;
				GCC_WARN_ABOUT_RETURN_TYPE = YES_ERROR;
				GCC_WARN_UNDECLARED_SELECTOR = YES;
				GCC_WARN_UNINITIALIZED_AUTOS = YES_AGGRESSIVE;
				GCC_WARN_UNUSED_FUNCTION = YES;
				GCC_WARN_UNUSED_VARIABLE = YES;
				IPHONEOS_DEPLOYMENT_TARGET = 16.2;
				MTL_ENABLE_DEBUG_INFO = NO;
				MTL_FAST_MATH = YES;
				SDKROOT = iphoneos;
				SWIFT_COMPILATION_MODE = wholemodule;
				SWIFT_OPTIMIZATION_LEVEL = "-O";
				VALIDATE_PRODUCT = YES;
			};
			name = Release;
		};
		98CE2D3D2A16133D00BA099C /* Debug */ = {
			isa = XCBuildConfiguration;
			buildSettings = {
				ASSETCATALOG_COMPILER_APPICON_NAME = AppIcon;
				ASSETCATALOG_COMPILER_GLOBAL_ACCENT_COLOR_NAME = AccentColor;
				CODE_SIGN_STYLE = Automatic;
				CURRENT_PROJECT_VERSION = 1;
				DEVELOPMENT_ASSET_PATHS = "\"StressDectect/Preview Content\"";
				ENABLE_PREVIEWS = YES;
				GENERATE_INFOPLIST_FILE = YES;
				INFOPLIST_KEY_UIApplicationSceneManifest_Generation = YES;
				INFOPLIST_KEY_UIApplicationSupportsIndirectInputEvents = YES;
				INFOPLIST_KEY_UILaunchScreen_Generation = YES;
				INFOPLIST_KEY_UISupportedInterfaceOrientations_iPad = "UIInterfaceOrientationPortrait UIInterfaceOrientationPortraitUpsideDown UIInterfaceOrientationLandscapeLeft UIInterfaceOrientationLandscapeRight";
				INFOPLIST_KEY_UISupportedInterfaceOrientations_iPhone = "UIInterfaceOrientationPortrait UIInterfaceOrientationLandscapeLeft UIInterfaceOrientationLandscapeRight";
				LD_RUNPATH_SEARCH_PATHS = (
					"$(inherited)",
					"@executable_path/Frameworks",
				);
				MARKETING_VERSION = 1.0;
				PRODUCT_BUNDLE_IDENTIFIER = transirizo.StressDectect;
				PRODUCT_NAME = "$(TARGET_NAME)";
				SWIFT_EMIT_LOC_STRINGS = YES;
				SWIFT_VERSION = 5.0;
				TARGETED_DEVICE_FAMILY = "1,2";
			};
			name = Debug;
		};
		98CE2D3E2A16133D00BA099C /* Release */ = {
			isa = XCBuildConfiguration;
			buildSettings = {
				ASSETCATALOG_COMPILER_APPICON_NAME = AppIcon;
				ASSETCATALOG_COMPILER_GLOBAL_ACCENT_COLOR_NAME = AccentColor;
				CODE_SIGN_STYLE = Automatic;
				CURRENT_PROJECT_VERSION = 1;
				DEVELOPMENT_ASSET_PATHS = "\"StressDectect/Preview Content\"";
				ENABLE_PREVIEWS = YES;
				GENERATE_INFOPLIST_FILE = YES;
				INFOPLIST_KEY_UIApplicationSceneManifest_Generation = YES;
				INFOPLIST_KEY_UIApplicationSupportsIndirectInputEvents = YES;
				INFOPLIST_KEY_UILaunchScreen_Generation = YES;
				INFOPLIST_KEY_UISupportedInterfaceOrientations_iPad = "UIInterfaceOrientationPortrait UIInterfaceOrientationPortraitUpsideDown UIInterfaceOrientationLandscapeLeft UIInterfaceOrientationLandscapeRight";
				INFOPLIST_KEY_UISupportedInterfaceOrientations_iPhone = "UIInterfaceOrientationPortrait UIInterfaceOrientationLandscapeLeft UIInterfaceOrientationLandscapeRight";
				LD_RUNPATH_SEARCH_PATHS = (
					"$(inherited)",
					"@executable_path/Frameworks",
				);
				MARKETING_VERSION = 1.0;
				PRODUCT_BUNDLE_IDENTIFIER = transirizo.StressDectect;
				PRODUCT_NAME = "$(TARGET_NAME)";
				SWIFT_EMIT_LOC_STRINGS = YES;
				SWIFT_VERSION = 5.0;
				TARGETED_DEVICE_FAMILY = "1,2";
			};
			name = Release;
		};
		98CE2D402A16133D00BA099C /* Debug */ = {
			isa = XCBuildConfiguration;
			buildSettings = {
				ALWAYS_EMBED_SWIFT_STANDARD_LIBRARIES = YES;
				BUNDLE_LOADER = "$(TEST_HOST)";
				CODE_SIGN_STYLE = Automatic;
				CURRENT_PROJECT_VERSION = 1;
				GENERATE_INFOPLIST_FILE = YES;
				IPHONEOS_DEPLOYMENT_TARGET = 16.2;
				MARKETING_VERSION = 1.0;
				PRODUCT_BUNDLE_IDENTIFIER = transirizo.StressDectectTests;
				PRODUCT_NAME = "$(TARGET_NAME)";
				SWIFT_EMIT_LOC_STRINGS = NO;
				SWIFT_VERSION = 5.0;
				TARGETED_DEVICE_FAMILY = "1,2";
				TEST_HOST = "$(BUILT_PRODUCTS_DIR)/StressDectect.app/$(BUNDLE_EXECUTABLE_FOLDER_PATH)/StressDectect";
			};
			name = Debug;
		};
		98CE2D412A16133D00BA099C /* Release */ = {
			isa = XCBuildConfiguration;
			buildSettings = {
				ALWAYS_EMBED_SWIFT_STANDARD_LIBRARIES = YES;
				BUNDLE_LOADER = "$(TEST_HOST)";
				CODE_SIGN_STYLE = Automatic;
				CURRENT_PROJECT_VERSION = 1;
				GENERATE_INFOPLIST_FILE = YES;
				IPHONEOS_DEPLOYMENT_TARGET = 16.2;
				MARKETING_VERSION = 1.0;
				PRODUCT_BUNDLE_IDENTIFIER = transirizo.StressDectectTests;
				PRODUCT_NAME = "$(TARGET_NAME)";
				SWIFT_EMIT_LOC_STRINGS = NO;
				SWIFT_VERSION = 5.0;
				TARGETED_DEVICE_FAMILY = "1,2";
				TEST_HOST = "$(BUILT_PRODUCTS_DIR)/StressDectect.app/$(BUNDLE_EXECUTABLE_FOLDER_PATH)/StressDectect";
			};
			name = Release;
		};
		98CE2D432A16133D00BA099C /* Debug */ = {
			isa = XCBuildConfiguration;
			buildSettings = {
				ALWAYS_EMBED_SWIFT_STANDARD_LIBRARIES = YES;
				CODE_SIGN_STYLE = Automatic;
				CURRENT_PROJECT_VERSION = 1;
				GENERATE_INFOPLIST_FILE = YES;
				MARKETING_VERSION = 1.0;
				PRODUCT_BUNDLE_IDENTIFIER = transirizo.StressDectectUITests;
				PRODUCT_NAME = "$(TARGET_NAME)";
				SWIFT_EMIT_LOC_STRINGS = NO;
				SWIFT_VERSION = 5.0;
				TARGETED_DEVICE_FAMILY = "1,2";
				TEST_TARGET_NAME = StressDectect;
			};
			name = Debug;
		};
		98CE2D442A16133D00BA099C /* Release */ = {
			isa = XCBuildConfiguration;
			buildSettings = {
				ALWAYS_EMBED_SWIFT_STANDARD_LIBRARIES = YES;
				CODE_SIGN_STYLE = Automatic;
				CURRENT_PROJECT_VERSION = 1;
				GENERATE_INFOPLIST_FILE = YES;
				MARKETING_VERSION = 1.0;
				PRODUCT_BUNDLE_IDENTIFIER = transirizo.StressDectectUITests;
				PRODUCT_NAME = "$(TARGET_NAME)";
				SWIFT_EMIT_LOC_STRINGS = NO;
				SWIFT_VERSION = 5.0;
				TARGETED_DEVICE_FAMILY = "1,2";
				TEST_TARGET_NAME = StressDectect;
			};
			name = Release;
		};
/* End XCBuildConfiguration section */

/* Begin XCConfigurationList section */
		98CE2D132A16133B00BA099C /* Build configuration list for PBXProject "StressDectect" */ = {
			isa = XCConfigurationList;
			buildConfigurations = (
				98CE2D3A2A16133D00BA099C /* Debug */,
				98CE2D3B2A16133D00BA099C /* Release */,
			);
			defaultConfigurationIsVisible = 0;
			defaultConfigurationName = Release;
		};
		98CE2D3C2A16133D00BA099C /* Build configuration list for PBXNativeTarget "StressDectect" */ = {
			isa = XCConfigurationList;
			buildConfigurations = (
				98CE2D3D2A16133D00BA099C /* Debug */,
				98CE2D3E2A16133D00BA099C /* Release */,
			);
			defaultConfigurationIsVisible = 0;
			defaultConfigurationName = Release;
		};
		98CE2D3F2A16133D00BA099C /* Build configuration list for PBXNativeTarget "StressDectectTests" */ = {
			isa = XCConfigurationList;
			buildConfigurations = (
				98CE2D402A16133D00BA099C /* Debug */,
				98CE2D412A16133D00BA099C /* Release */,
			);
			defaultConfigurationIsVisible = 0;
			defaultConfigurationName = Release;
		};
		98CE2D422A16133D00BA099C /* Build configuration list for PBXNativeTarget "StressDectectUITests" */ = {
			isa = XCConfigurationList;
			buildConfigurations = (
				98CE2D432A16133D00BA099C /* Debug */,
				98CE2D442A16133D00BA099C /* Release */,
			);
			defaultConfigurationIsVisible = 0;
			defaultConfigurationName = Release;
		};
/* End XCConfigurationList section */
	};
	rootObject = 98CE2D102A16133B00BA099C /* Project object */;
}
